
Microsoft Visual Studio Solution File, Format Version 12.00
# Visual Studio 2013
VisualStudioVersion = 12.0.21005.1
MinimumVisualStudioVersion = 10.0.40219.1
Project("{FAE04EC0-301F-11D3-BF4B-00C04F79EFBC}") = "MediaRGBVideoEnhancementPlayback", "MediaRGBVideoEnhancementPlayback.csproj", "{BD2365CD-644B-4C23-A6A4-9B5F0312D7CF}"
EndProject
Project("{8BC9CEB8-8B4A-11D0-8D11-00A0C91BC942}") = "RGBEnhancement", "..\RGBEnhancementDLL\RGBEnhancement.vcxproj", "{82AE2413-F082-4E0C-91F0-4AED972F105E}"
EndProject
Global
	GlobalSection(TeamFoundationVersionControl) = preSolution
		SccNumberOfProjects = 2
		SccEnterpriseProvider = {4CA58AB2-18FA-4F8D-95D4-32DDF27D184C}
		SccTeamFoundationServer = http://tfsserver:8080/tfs/xprotect
		SccProjectUniqueName0 = MediaRGBVideoEnhancementPlayback.csproj
		SccProjectName0 = .
		SccAuxPath0 = http://tfsserver:8080/tfs/xprotect
		SccLocalPath0 = .
		SccProvider0 = {4CA58AB2-18FA-4F8D-95D4-32DDF27D184C}
		SccProjectUniqueName1 = ..\\RGBEnhancementDLL\\RGBEnhancement.vcxproj
		SccProjectName1 = ../RGBEnhancementDLL
		SccAuxPath1 = http://tfsserver:8080/tfs/xprotect
		SccLocalPath1 = ..\\RGBEnhancementDLL
		SccProvider1 = {4CA58AB2-18FA-4F8D-95D4-32DDF27D184C}
	EndGlobalSection
	GlobalSection(SolutionConfigurationPlatforms) = preSolution
		Debug|Win32 = Debug|Win32
		Debug|x64 = Debug|x64
		Debug|x86 = Debug|x86
		Release|Win32 = Release|Win32
		Release|x64 = Release|x64
		Release|x86 = Release|x86
	EndGlobalSection
	GlobalSection(ProjectConfigurationPlatforms) = postSolution
		{BD2365CD-644B-4C23-A6A4-9B5F0312D7CF}.Debug|Win32.ActiveCfg = Debug|x86
		{BD2365CD-644B-4C23-A6A4-9B5F0312D7CF}.Debug|Win32.Build.0 = Debug|x86
		{BD2365CD-644B-4C23-A6A4-9B5F0312D7CF}.Debug|x64.ActiveCfg = Debug|x64
		{BD2365CD-644B-4C23-A6A4-9B5F0312D7CF}.Debug|x64.Build.0 = Debug|x64
		{BD2365CD-644B-4C23-A6A4-9B5F0312D7CF}.Debug|x86.ActiveCfg = Debug|x86
		{BD2365CD-644B-4C23-A6A4-9B5F0312D7CF}.Debug|x86.Build.0 = Debug|x86
		{BD2365CD-644B-4C23-A6A4-9B5F0312D7CF}.Release|Win32.ActiveCfg = Release|x86
		{BD2365CD-644B-4C23-A6A4-9B5F0312D7CF}.Release|Win32.Build.0 = Release|x86
		{BD2365CD-644B-4C23-A6A4-9B5F0312D7CF}.Release|x64.ActiveCfg = Release|x64
		{BD2365CD-644B-4C23-A6A4-9B5F0312D7CF}.Release|x64.Build.0 = Release|x64
		{BD2365CD-644B-4C23-A6A4-9B5F0312D7CF}.Release|x86.ActiveCfg = Release|x86
		{BD2365CD-644B-4C23-A6A4-9B5F0312D7CF}.Release|x86.Build.0 = Release|x86
		{82AE2413-F082-4E0C-91F0-4AED972F105E}.Debug|Win32.ActiveCfg = Debug|Win32
		{82AE2413-F082-4E0C-91F0-4AED972F105E}.Debug|Win32.Build.0 = Debug|Win32
		{82AE2413-F082-4E0C-91F0-4AED972F105E}.Debug|x64.ActiveCfg = Debug|x64
		{82AE2413-F082-4E0C-91F0-4AED972F105E}.Debug|x64.Build.0 = Debug|x64
		{82AE2413-F082-4E0C-91F0-4AED972F105E}.Debug|x86.ActiveCfg = Debug|Win32
		{82AE2413-F082-4E0C-91F0-4AED972F105E}.Debug|x86.Build.0 = Debug|Win32
		{82AE2413-F082-4E0C-91F0-4AED972F105E}.Release|Win32.ActiveCfg = Release|Win32
		{82AE2413-F082-4E0C-91F0-4AED972F105E}.Release|Win32.Build.0 = Release|Win32
		{82AE2413-F082-4E0C-91F0-4AED972F105E}.Release|x64.ActiveCfg = Release|x64
		{82AE2413-F082-4E0C-91F0-4AED972F105E}.Release|x64.Build.0 = Release|x64
		{82AE2413-F082-4E0C-91F0-4AED972F105E}.Release|x86.ActiveCfg = Release|Win32
		{82AE2413-F082-4E0C-91F0-4AED972F105E}.Release|x86.Build.0 = Release|Win32
	EndGlobalSection
	GlobalSection(SolutionProperties) = preSolution
		HideSolutionNode = FALSE
	EndGlobalSection
EndGlobal
